// !$*UTF8*$!
{
	archiveVersion = 1;
	classes = {
	};
	objectVersion = 51;
	objects = {

/* Begin PBXBuildFile section */
		446B943F25C0B573005B5ADC /* ItemsListView.swift in Sources */ = {isa = PBXBuildFile; fileRef = 446B943E25C0B573005B5ADC /* ItemsListView.swift */; };
		446B944225C0B5F1005B5ADC /* ItemsRow.swift in Sources */ = {isa = PBXBuildFile; fileRef = 446B944125C0B5F1005B5ADC /* ItemsRow.swift */; };
		446B944525C0B664005B5ADC /* Items.swift in Sources */ = {isa = PBXBuildFile; fileRef = 446B944425C0B664005B5ADC /* Items.swift */; };
		447AEE3425C11469007AB4B4 /* ItemsAPI.swift in Sources */ = {isa = PBXBuildFile; fileRef = 447AEE3325C11469007AB4B4 /* ItemsAPI.swift */; };
		447AEE5A25C1DAF6007AB4B4 /* RecipeButton.swift in Sources */ = {isa = PBXBuildFile; fileRef = 447AEE5925C1DAF6007AB4B4 /* RecipeButton.swift */; };
		447AEE5D25C22A47007AB4B4 /* recipesDB.json in Resources */ = {isa = PBXBuildFile; fileRef = 447AEE5C25C22A47007AB4B4 /* recipesDB.json */; };
		44826AA725BE540600F1A7F9 /* FocusARView.swift in Sources */ = {isa = PBXBuildFile; fileRef = 44826AA625BE540600F1A7F9 /* FocusARView.swift */; };
		44826AAA25BE558300F1A7F9 /* ControlView.swift in Sources */ = {isa = PBXBuildFile; fileRef = 44826AA925BE558300F1A7F9 /* ControlView.swift */; };
		44869C0525BEA5B600E0C42D /* ItemsView.swift in Sources */ = {isa = PBXBuildFile; fileRef = 44869C0425BEA5B600E0C42D /* ItemsView.swift */; };
		44869C0825BEAEC300E0C42D /* RecipeView.swift in Sources */ = {isa = PBXBuildFile; fileRef = 44869C0725BEAEC300E0C42D /* RecipeView.swift */; };
		44869C1125BF9B7900E0C42D /* recipeData.json in Resources */ = {isa = PBXBuildFile; fileRef = 44869C1025BF9B7900E0C42D /* recipeData.json */; };
		44869C1725BF9CB800E0C42D /* grilled.png in Resources */ = {isa = PBXBuildFile; fileRef = 44869C1625BF9CB700E0C42D /* grilled.png */; };
		44869C1A25BF9D4100E0C42D /* coffee.png in Resources */ = {isa = PBXBuildFile; fileRef = 44869C1925BF9D4100E0C42D /* coffee.png */; };
		44869C1D25BFA07800E0C42D /* egg_sandwich.png in Resources */ = {isa = PBXBuildFile; fileRef = 44869C1C25BFA07800E0C42D /* egg_sandwich.png */; };
		44869C2025BFA08300E0C42D /* tea.png in Resources */ = {isa = PBXBuildFile; fileRef = 44869C1F25BFA08300E0C42D /* tea.png */; };
		44869C2325BFA08800E0C42D /* soup.png in Resources */ = {isa = PBXBuildFile; fileRef = 44869C2225BFA08800E0C42D /* soup.png */; };
		44869C2B25BFA1AF00E0C42D /* RecipeListView.swift in Sources */ = {isa = PBXBuildFile; fileRef = 44869C2A25BFA1AF00E0C42D /* RecipeListView.swift */; };
		44869C2E25BFA24F00E0C42D /* RecipeAPI.swift in Sources */ = {isa = PBXBuildFile; fileRef = 44869C2D25BFA24F00E0C42D /* RecipeAPI.swift */; };
		44869C3A25BFA74200E0C42D /* Recipe.swift in Sources */ = {isa = PBXBuildFile; fileRef = 44869C3925BFA74200E0C42D /* Recipe.swift */; };
		44869C3D25C07D6E00E0C42D /* itemsData.json in Resources */ = {isa = PBXBuildFile; fileRef = 44869C3C25C07D6E00E0C42D /* itemsData.json */; };
		44869C4225C096A200E0C42D /* bread.png in Resources */ = {isa = PBXBuildFile; fileRef = 44869C3F25C096A100E0C42D /* bread.png */; };
		44869C4325C096A200E0C42D /* pan.png in Resources */ = {isa = PBXBuildFile; fileRef = 44869C4025C096A100E0C42D /* pan.png */; };
		44869C4425C096A200E0C42D /* slice_cheese.png in Resources */ = {isa = PBXBuildFile; fileRef = 44869C4125C096A200E0C42D /* slice_cheese.png */; };
		44A36ED625BBC0470005968B /* AppDelegate.swift in Sources */ = {isa = PBXBuildFile; fileRef = 44A36ED525BBC0470005968B /* AppDelegate.swift */; };
		44A36ED825BBC0470005968B /* ContentView.swift in Sources */ = {isa = PBXBuildFile; fileRef = 44A36ED725BBC0470005968B /* ContentView.swift */; };
		44A36EDA25BBC0470005968B /* Experience.rcproject in Sources */ = {isa = PBXBuildFile; fileRef = 44A36ED925BBC0470005968B /* Experience.rcproject */; };
		44A36EDC25BBC04B0005968B /* Assets.xcassets in Resources */ = {isa = PBXBuildFile; fileRef = 44A36EDB25BBC04B0005968B /* Assets.xcassets */; };
		44A36EDF25BBC04B0005968B /* Preview Assets.xcassets in Resources */ = {isa = PBXBuildFile; fileRef = 44A36EDE25BBC04B0005968B /* Preview Assets.xcassets */; };
		44A36EE225BBC04B0005968B /* LaunchScreen.storyboard in Resources */ = {isa = PBXBuildFile; fileRef = 44A36EE025BBC04B0005968B /* LaunchScreen.storyboard */; };
		B368C0ECB2F19FDF47212D84 /* Pods_kitchenaire.framework in Frameworks */ = {isa = PBXBuildFile; fileRef = BE7F6157350CE038DCE5F037 /* Pods_kitchenaire.framework */; };
/* End PBXBuildFile section */

/* Begin PBXFileReference section */
		446B943E25C0B573005B5ADC /* ItemsListView.swift */ = {isa = PBXFileReference; fileEncoding = 4; lastKnownFileType = sourcecode.swift; path = ItemsListView.swift; sourceTree = "<group>"; };
		446B944125C0B5F1005B5ADC /* ItemsRow.swift */ = {isa = PBXFileReference; fileEncoding = 4; lastKnownFileType = sourcecode.swift; name = ItemsRow.swift; path = kitchenaire/Step2/ItemsRow.swift; sourceTree = SOURCE_ROOT; };
		446B944425C0B664005B5ADC /* Items.swift */ = {isa = PBXFileReference; fileEncoding = 4; lastKnownFileType = sourcecode.swift; path = Items.swift; sourceTree = "<group>"; };
		447AEE3325C11469007AB4B4 /* ItemsAPI.swift */ = {isa = PBXFileReference; fileEncoding = 4; lastKnownFileType = sourcecode.swift; path = ItemsAPI.swift; sourceTree = "<group>"; };
		447AEE5925C1DAF6007AB4B4 /* RecipeButton.swift */ = {isa = PBXFileReference; lastKnownFileType = sourcecode.swift; path = RecipeButton.swift; sourceTree = "<group>"; };
		447AEE5C25C22A47007AB4B4 /* recipesDB.json */ = {isa = PBXFileReference; fileEncoding = 4; lastKnownFileType = text.json; path = recipesDB.json; sourceTree = "<group>"; };
		44826AA625BE540600F1A7F9 /* FocusARView.swift */ = {isa = PBXFileReference; lastKnownFileType = sourcecode.swift; path = FocusARView.swift; sourceTree = "<group>"; };
		44826AA925BE558300F1A7F9 /* ControlView.swift */ = {isa = PBXFileReference; lastKnownFileType = sourcecode.swift; path = ControlView.swift; sourceTree = "<group>"; };
		44869C0425BEA5B600E0C42D /* ItemsView.swift */ = {isa = PBXFileReference; lastKnownFileType = sourcecode.swift; path = ItemsView.swift; sourceTree = "<group>"; };
		44869C0725BEAEC300E0C42D /* RecipeView.swift */ = {isa = PBXFileReference; lastKnownFileType = sourcecode.swift; path = RecipeView.swift; sourceTree = "<group>"; };
		44869C1025BF9B7900E0C42D /* recipeData.json */ = {isa = PBXFileReference; lastKnownFileType = text.json; path = recipeData.json; sourceTree = "<group>"; };
		44869C1625BF9CB700E0C42D /* grilled.png */ = {isa = PBXFileReference; lastKnownFileType = image.png; path = grilled.png; sourceTree = "<group>"; };
		44869C1925BF9D4100E0C42D /* coffee.png */ = {isa = PBXFileReference; lastKnownFileType = image.png; path = coffee.png; sourceTree = "<group>"; };
		44869C1C25BFA07800E0C42D /* egg_sandwich.png */ = {isa = PBXFileReference; lastKnownFileType = image.png; path = egg_sandwich.png; sourceTree = "<group>"; };
		44869C1F25BFA08300E0C42D /* tea.png */ = {isa = PBXFileReference; lastKnownFileType = image.png; path = tea.png; sourceTree = "<group>"; };
		44869C2225BFA08800E0C42D /* soup.png */ = {isa = PBXFileReference; lastKnownFileType = image.png; path = soup.png; sourceTree = "<group>"; };
		44869C2A25BFA1AF00E0C42D /* RecipeListView.swift */ = {isa = PBXFileReference; lastKnownFileType = sourcecode.swift; path = RecipeListView.swift; sourceTree = "<group>"; };
		44869C2D25BFA24F00E0C42D /* RecipeAPI.swift */ = {isa = PBXFileReference; lastKnownFileType = sourcecode.swift; path = RecipeAPI.swift; sourceTree = "<group>"; };
		44869C3925BFA74200E0C42D /* Recipe.swift */ = {isa = PBXFileReference; fileEncoding = 4; lastKnownFileType = sourcecode.swift; path = Recipe.swift; sourceTree = "<group>"; };
		44869C3C25C07D6E00E0C42D /* itemsData.json */ = {isa = PBXFileReference; lastKnownFileType = text.json; path = itemsData.json; sourceTree = "<group>"; };
		44869C3F25C096A100E0C42D /* bread.png */ = {isa = PBXFileReference; lastKnownFileType = image.png; path = bread.png; sourceTree = "<group>"; };
		44869C4025C096A100E0C42D /* pan.png */ = {isa = PBXFileReference; lastKnownFileType = image.png; path = pan.png; sourceTree = "<group>"; };
		44869C4125C096A200E0C42D /* slice_cheese.png */ = {isa = PBXFileReference; lastKnownFileType = image.png; path = slice_cheese.png; sourceTree = "<group>"; };
		44A36ED225BBC0470005968B /* kitchenaire.app */ = {isa = PBXFileReference; explicitFileType = wrapper.application; includeInIndex = 0; path = kitchenaire.app; sourceTree = BUILT_PRODUCTS_DIR; };
		44A36ED525BBC0470005968B /* AppDelegate.swift */ = {isa = PBXFileReference; lastKnownFileType = sourcecode.swift; path = AppDelegate.swift; sourceTree = "<group>"; };
		44A36ED725BBC0470005968B /* ContentView.swift */ = {isa = PBXFileReference; lastKnownFileType = sourcecode.swift; path = ContentView.swift; sourceTree = "<group>"; };
		44A36ED925BBC0470005968B /* Experience.rcproject */ = {isa = PBXFileReference; lastKnownFileType = file.rcproject; path = Experience.rcproject; sourceTree = "<group>"; };
		44A36EDB25BBC04B0005968B /* Assets.xcassets */ = {isa = PBXFileReference; lastKnownFileType = folder.assetcatalog; path = Assets.xcassets; sourceTree = "<group>"; };
		44A36EDE25BBC04B0005968B /* Preview Assets.xcassets */ = {isa = PBXFileReference; lastKnownFileType = folder.assetcatalog; path = "Preview Assets.xcassets"; sourceTree = "<group>"; };
		44A36EE125BBC04B0005968B /* Base */ = {isa = PBXFileReference; lastKnownFileType = file.storyboard; name = Base; path = Base.lproj/LaunchScreen.storyboard; sourceTree = "<group>"; };
		44A36EE325BBC04B0005968B /* Info.plist */ = {isa = PBXFileReference; lastKnownFileType = text.plist.xml; path = Info.plist; sourceTree = "<group>"; };
		B9285D2BEF6F82C92B45C722 /* Pods-kitchenaire.release.xcconfig */ = {isa = PBXFileReference; includeInIndex = 1; lastKnownFileType = text.xcconfig; name = "Pods-kitchenaire.release.xcconfig"; path = "Target Support Files/Pods-kitchenaire/Pods-kitchenaire.release.xcconfig"; sourceTree = "<group>"; };
		BE7F6157350CE038DCE5F037 /* Pods_kitchenaire.framework */ = {isa = PBXFileReference; explicitFileType = wrapper.framework; includeInIndex = 0; path = Pods_kitchenaire.framework; sourceTree = BUILT_PRODUCTS_DIR; };
		CE05BCB4F413B4A2D4055DAE /* Pods-kitchenaire.debug.xcconfig */ = {isa = PBXFileReference; includeInIndex = 1; lastKnownFileType = text.xcconfig; name = "Pods-kitchenaire.debug.xcconfig"; path = "Target Support Files/Pods-kitchenaire/Pods-kitchenaire.debug.xcconfig"; sourceTree = "<group>"; };
/* End PBXFileReference section */

/* Begin PBXFrameworksBuildPhase section */
		44A36ECF25BBC0470005968B /* Frameworks */ = {
			isa = PBXFrameworksBuildPhase;
			buildActionMask = 2147483647;
			files = (
				B368C0ECB2F19FDF47212D84 /* Pods_kitchenaire.framework in Frameworks */,
			);
			runOnlyForDeploymentPostprocessing = 0;
		};
/* End PBXFrameworksBuildPhase section */

/* Begin PBXGroup section */
		44869C1325BF9BD100E0C42D /* Step1 */ = {
			isa = PBXGroup;
			children = (
				44869C0725BEAEC300E0C42D /* RecipeView.swift */,
				44869C1625BF9CB700E0C42D /* grilled.png */,
				44869C1925BF9D4100E0C42D /* coffee.png */,
				44869C1C25BFA07800E0C42D /* egg_sandwich.png */,
				44869C1F25BFA08300E0C42D /* tea.png */,
				44869C2D25BFA24F00E0C42D /* RecipeAPI.swift */,
				44869C3925BFA74200E0C42D /* Recipe.swift */,
				44869C2225BFA08800E0C42D /* soup.png */,
				44869C1025BF9B7900E0C42D /* recipeData.json */,
				447AEE5925C1DAF6007AB4B4 /* RecipeButton.swift */,
				447AEE5C25C22A47007AB4B4 /* recipesDB.json */,
				44869C2A25BFA1AF00E0C42D /* RecipeListView.swift */,
			);
			path = Step1;
			sourceTree = "<group>";
		};
		44869C1425BF9C1800E0C42D /* Step2 */ = {
			isa = PBXGroup;
			children = (
				44869C0425BEA5B600E0C42D /* ItemsView.swift */,
				447AEE3325C11469007AB4B4 /* ItemsAPI.swift */,
				446B944425C0B664005B5ADC /* Items.swift */,
				446B944125C0B5F1005B5ADC /* ItemsRow.swift */,
				446B943E25C0B573005B5ADC /* ItemsListView.swift */,
				44869C3F25C096A100E0C42D /* bread.png */,
				44869C4025C096A100E0C42D /* pan.png */,
				44869C4125C096A200E0C42D /* slice_cheese.png */,
				44869C3C25C07D6E00E0C42D /* itemsData.json */,
			);
			path = Step2;
			sourceTree = "<group>";
		};
		44869C1525BF9C3500E0C42D /* Step3 */ = {
			isa = PBXGroup;
			children = (
				44826AA625BE540600F1A7F9 /* FocusARView.swift */,
			);
			path = Step3;
			sourceTree = "<group>";
		};
		44A36EC925BBC0470005968B = {
			isa = PBXGroup;
			children = (
				44A36ED425BBC0470005968B /* kitchenaire */,
				44A36ED325BBC0470005968B /* Products */,
				C696AF4252B60ECB3937D313 /* Pods */,
				CE92E2BB7CFBB98F26DCE901 /* Frameworks */,
			);
			sourceTree = "<group>";
		};
		44A36ED325BBC0470005968B /* Products */ = {
			isa = PBXGroup;
			children = (
				44A36ED225BBC0470005968B /* kitchenaire.app */,
			);
			name = Products;
			sourceTree = "<group>";
		};
		44A36ED425BBC0470005968B /* kitchenaire */ = {
			isa = PBXGroup;
			children = (
				44A36ED525BBC0470005968B /* AppDelegate.swift */,
				44A36ED725BBC0470005968B /* ContentView.swift */,
				44869C1325BF9BD100E0C42D /* Step1 */,
				44826AA925BE558300F1A7F9 /* ControlView.swift */,
				44869C1425BF9C1800E0C42D /* Step2 */,
				44869C1525BF9C3500E0C42D /* Step3 */,
				44A36ED925BBC0470005968B /* Experience.rcproject */,
				44A36EDB25BBC04B0005968B /* Assets.xcassets */,
				44A36EE025BBC04B0005968B /* LaunchScreen.storyboard */,
				44A36EE325BBC04B0005968B /* Info.plist */,
				44A36EDD25BBC04B0005968B /* Preview Content */,
			);
			path = kitchenaire;
			sourceTree = "<group>";
		};
		44A36EDD25BBC04B0005968B /* Preview Content */ = {
			isa = PBXGroup;
			children = (
				44A36EDE25BBC04B0005968B /* Preview Assets.xcassets */,
			);
			path = "Preview Content";
			sourceTree = "<group>";
		};
		C696AF4252B60ECB3937D313 /* Pods */ = {
			isa = PBXGroup;
			children = (
				CE05BCB4F413B4A2D4055DAE /* Pods-kitchenaire.debug.xcconfig */,
				B9285D2BEF6F82C92B45C722 /* Pods-kitchenaire.release.xcconfig */,
			);
			path = Pods;
			sourceTree = "<group>";
		};
		CE92E2BB7CFBB98F26DCE901 /* Frameworks */ = {
			isa = PBXGroup;
			children = (
				BE7F6157350CE038DCE5F037 /* Pods_kitchenaire.framework */,
			);
			name = Frameworks;
			sourceTree = "<group>";
		};
/* End PBXGroup section */

/* Begin PBXNativeTarget section */
		44A36ED125BBC0470005968B /* kitchenaire */ = {
			isa = PBXNativeTarget;
			buildConfigurationList = 44A36EE625BBC04B0005968B /* Build configuration list for PBXNativeTarget "kitchenaire" */;
			buildPhases = (
				54DEB8A166A5BF82FD574535 /* [CP] Check Pods Manifest.lock */,
				44A36ECE25BBC0470005968B /* Sources */,
				44A36ECF25BBC0470005968B /* Frameworks */,
				44A36ED025BBC0470005968B /* Resources */,
				ACB7AC412E9D8DFBCF525A23 /* [CP] Embed Pods Frameworks */,
				5EF3AEB1DBB5EC8AC7126C73 /* [CP] Copy Pods Resources */,
			);
			buildRules = (
			);
			dependencies = (
			);
			name = kitchenaire;
			productName = kitchenaire;
			productReference = 44A36ED225BBC0470005968B /* kitchenaire.app */;
			productType = "com.apple.product-type.application";
		};
/* End PBXNativeTarget section */

/* Begin PBXProject section */
		44A36ECA25BBC0470005968B /* Project object */ = {
			isa = PBXProject;
			attributes = {
				LastSwiftUpdateCheck = 1230;
				LastUpgradeCheck = 1230;
				TargetAttributes = {
					44A36ED125BBC0470005968B = {
						CreatedOnToolsVersion = 12.3;
					};
				};
			};
			buildConfigurationList = 44A36ECD25BBC0470005968B /* Build configuration list for PBXProject "kitchenaire" */;
			compatibilityVersion = "Xcode 9.3";
			developmentRegion = en;
			hasScannedForEncodings = 0;
			knownRegions = (
				en,
				Base,
			);
			mainGroup = 44A36EC925BBC0470005968B;
			productRefGroup = 44A36ED325BBC0470005968B /* Products */;
			projectDirPath = "";
			projectRoot = "";
			targets = (
				44A36ED125BBC0470005968B /* kitchenaire */,
			);
		};
/* End PBXProject section */

/* Begin PBXResourcesBuildPhase section */
		44A36ED025BBC0470005968B /* Resources */ = {
			isa = PBXResourcesBuildPhase;
			buildActionMask = 2147483647;
			files = (
				44A36EE225BBC04B0005968B /* LaunchScreen.storyboard in Resources */,
				44869C1A25BF9D4100E0C42D /* coffee.png in Resources */,
				44869C4425C096A200E0C42D /* slice_cheese.png in Resources */,
				44869C2325BFA08800E0C42D /* soup.png in Resources */,
				447AEE5D25C22A47007AB4B4 /* recipesDB.json in Resources */,
				44869C1125BF9B7900E0C42D /* recipeData.json in Resources */,
				44869C4225C096A200E0C42D /* bread.png in Resources */,
				44A36EDF25BBC04B0005968B /* Preview Assets.xcassets in Resources */,
				44869C2025BFA08300E0C42D /* tea.png in Resources */,
				44869C3D25C07D6E00E0C42D /* itemsData.json in Resources */,
				44A36EDC25BBC04B0005968B /* Assets.xcassets in Resources */,
				44869C4325C096A200E0C42D /* pan.png in Resources */,
				44869C1D25BFA07800E0C42D /* egg_sandwich.png in Resources */,
				44869C1725BF9CB800E0C42D /* grilled.png in Resources */,
			);
			runOnlyForDeploymentPostprocessing = 0;
		};
/* End PBXResourcesBuildPhase section */

/* Begin PBXShellScriptBuildPhase section */
		54DEB8A166A5BF82FD574535 /* [CP] Check Pods Manifest.lock */ = {
			isa = PBXShellScriptBuildPhase;
			buildActionMask = 2147483647;
			files = (
			);
			inputFileListPaths = (
			);
			inputPaths = (
				"${PODS_PODFILE_DIR_PATH}/Podfile.lock",
				"${PODS_ROOT}/Manifest.lock",
			);
			name = "[CP] Check Pods Manifest.lock";
			outputFileListPaths = (
			);
			outputPaths = (
				"$(DERIVED_FILE_DIR)/Pods-kitchenaire-checkManifestLockResult.txt",
			);
			runOnlyForDeploymentPostprocessing = 0;
			shellPath = /bin/sh;
			shellScript = "diff \"${PODS_PODFILE_DIR_PATH}/Podfile.lock\" \"${PODS_ROOT}/Manifest.lock\" > /dev/null\nif [ $? != 0 ] ; then\n    # print error to STDERR\n    echo \"error: The sandbox is not in sync with the Podfile.lock. Run 'pod install' or update your CocoaPods installation.\" >&2\n    exit 1\nfi\n# This output is used by Xcode 'outputs' to avoid re-running this script phase.\necho \"SUCCESS\" > \"${SCRIPT_OUTPUT_FILE_0}\"\n";
			showEnvVarsInLog = 0;
		};
		5EF3AEB1DBB5EC8AC7126C73 /* [CP] Copy Pods Resources */ = {
			isa = PBXShellScriptBuildPhase;
			buildActionMask = 2147483647;
			files = (
			);
			inputFileListPaths = (
				"${PODS_ROOT}/Target Support Files/Pods-kitchenaire/Pods-kitchenaire-resources-${CONFIGURATION}-input-files.xcfilelist",
			);
			name = "[CP] Copy Pods Resources";
			outputFileListPaths = (
				"${PODS_ROOT}/Target Support Files/Pods-kitchenaire/Pods-kitchenaire-resources-${CONFIGURATION}-output-files.xcfilelist",
			);
			runOnlyForDeploymentPostprocessing = 0;
			shellPath = /bin/sh;
			shellScript = "\"${PODS_ROOT}/Target Support Files/Pods-kitchenaire/Pods-kitchenaire-resources.sh\"\n";
			showEnvVarsInLog = 0;
		};
		ACB7AC412E9D8DFBCF525A23 /* [CP] Embed Pods Frameworks */ = {
			isa = PBXShellScriptBuildPhase;
			buildActionMask = 2147483647;
			files = (
			);
			inputFileListPaths = (
				"${PODS_ROOT}/Target Support Files/Pods-kitchenaire/Pods-kitchenaire-frameworks-${CONFIGURATION}-input-files.xcfilelist",
			);
			name = "[CP] Embed Pods Frameworks";
			outputFileListPaths = (
				"${PODS_ROOT}/Target Support Files/Pods-kitchenaire/Pods-kitchenaire-frameworks-${CONFIGURATION}-output-files.xcfilelist",
			);
			runOnlyForDeploymentPostprocessing = 0;
			shellPath = /bin/sh;
			shellScript = "\"${PODS_ROOT}/Target Support Files/Pods-kitchenaire/Pods-kitchenaire-frameworks.sh\"\n";
			showEnvVarsInLog = 0;
		};
/* End PBXShellScriptBuildPhase section */

/* Begin PBXSourcesBuildPhase section */
		44A36ECE25BBC0470005968B /* Sources */ = {
			isa = PBXSourcesBuildPhase;
			buildActionMask = 2147483647;
			files = (
				44A36ED825BBC0470005968B /* ContentView.swift in Sources */,
				447AEE5A25C1DAF6007AB4B4 /* RecipeButton.swift in Sources */,
				44A36ED625BBC0470005968B /* AppDelegate.swift in Sources */,
				446B944225C0B5F1005B5ADC /* ItemsRow.swift in Sources */,
				44826AA725BE540600F1A7F9 /* FocusARView.swift in Sources */,
				446B944525C0B664005B5ADC /* Items.swift in Sources */,
				44869C0825BEAEC300E0C42D /* RecipeView.swift in Sources */,
				44869C2E25BFA24F00E0C42D /* RecipeAPI.swift in Sources */,
				44A36EDA25BBC0470005968B /* Experience.rcproject in Sources */,
				44869C0525BEA5B600E0C42D /* ItemsView.swift in Sources */,
				446B943F25C0B573005B5ADC /* ItemsListView.swift in Sources */,
				44869C2B25BFA1AF00E0C42D /* RecipeListView.swift in Sources */,
				44826AAA25BE558300F1A7F9 /* ControlView.swift in Sources */,
				447AEE3425C11469007AB4B4 /* ItemsAPI.swift in Sources */,
				44869C3A25BFA74200E0C42D /* Recipe.swift in Sources */,
			);
			runOnlyForDeploymentPostprocessing = 0;
		};
/* End PBXSourcesBuildPhase section */

/* Begin PBXVariantGroup section */
		44A36EE025BBC04B0005968B /* LaunchScreen.storyboard */ = {
			isa = PBXVariantGroup;
			children = (
				44A36EE125BBC04B0005968B /* Base */,
			);
			name = LaunchScreen.storyboard;
			sourceTree = "<group>";
		};
/* End PBXVariantGroup section */

/* Begin XCBuildConfiguration section */
		44A36EE425BBC04B0005968B /* Debug */ = {
			isa = XCBuildConfiguration;
			buildSettings = {
				ALWAYS_SEARCH_USER_PATHS = NO;
				CLANG_ANALYZER_NONNULL = YES;
				CLANG_ANALYZER_NUMBER_OBJECT_CONVERSION = YES_AGGRESSIVE;
				CLANG_CXX_LANGUAGE_STANDARD = "gnu++14";
				CLANG_CXX_LIBRARY = "libc++";
				CLANG_ENABLE_MODULES = YES;
				CLANG_ENABLE_OBJC_ARC = YES;
				CLANG_ENABLE_OBJC_WEAK = YES;
				CLANG_WARN_BLOCK_CAPTURE_AUTORELEASING = YES;
				CLANG_WARN_BOOL_CONVERSION = YES;
				CLANG_WARN_COMMA = YES;
				CLANG_WARN_CONSTANT_CONVERSION = YES;
				CLANG_WARN_DEPRECATED_OBJC_IMPLEMENTATIONS = YES;
				CLANG_WARN_DIRECT_OBJC_ISA_USAGE = YES_ERROR;
				CLANG_WARN_DOCUMENTATION_COMMENTS = YES;
				CLANG_WARN_EMPTY_BODY = YES;
				CLANG_WARN_ENUM_CONVERSION = YES;
				CLANG_WARN_INFINITE_RECURSION = YES;
				CLANG_WARN_INT_CONVERSION = YES;
				CLANG_WARN_NON_LITERAL_NULL_CONVERSION = YES;
				CLANG_WARN_OBJC_IMPLICIT_RETAIN_SELF = YES;
				CLANG_WARN_OBJC_LITERAL_CONVERSION = YES;
				CLANG_WARN_OBJC_ROOT_CLASS = YES_ERROR;
				CLANG_WARN_QUOTED_INCLUDE_IN_FRAMEWORK_HEADER = YES;
				CLANG_WARN_RANGE_LOOP_ANALYSIS = YES;
				CLANG_WARN_STRICT_PROTOTYPES = YES;
				CLANG_WARN_SUSPICIOUS_MOVE = YES;
				CLANG_WARN_UNGUARDED_AVAILABILITY = YES_AGGRESSIVE;
				CLANG_WARN_UNREACHABLE_CODE = YES;
				CLANG_WARN__DUPLICATE_METHOD_MATCH = YES;
				COPY_PHASE_STRIP = NO;
				DEBUG_INFORMATION_FORMAT = dwarf;
				ENABLE_BITCODE = NO;
				ENABLE_STRICT_OBJC_MSGSEND = YES;
				ENABLE_TESTABILITY = YES;
				GCC_C_LANGUAGE_STANDARD = gnu11;
				GCC_DYNAMIC_NO_PIC = NO;
				GCC_NO_COMMON_BLOCKS = YES;
				GCC_OPTIMIZATION_LEVEL = 0;
				GCC_PREPROCESSOR_DEFINITIONS = (
					"DEBUG=1",
					"$(inherited)",
				);
				GCC_WARN_64_TO_32_BIT_CONVERSION = YES;
				GCC_WARN_ABOUT_RETURN_TYPE = YES_ERROR;
				GCC_WARN_UNDECLARED_SELECTOR = YES;
				GCC_WARN_UNINITIALIZED_AUTOS = YES_AGGRESSIVE;
				GCC_WARN_UNUSED_FUNCTION = YES;
				GCC_WARN_UNUSED_VARIABLE = YES;
				IPHONEOS_DEPLOYMENT_TARGET = 13.4;
				MTL_ENABLE_DEBUG_INFO = INCLUDE_SOURCE;
				MTL_FAST_MATH = YES;
				ONLY_ACTIVE_ARCH = YES;
				SDKROOT = iphoneos;
				SWIFT_ACTIVE_COMPILATION_CONDITIONS = DEBUG;
				SWIFT_OPTIMIZATION_LEVEL = "-Onone";
			};
			name = Debug;
		};
		44A36EE525BBC04B0005968B /* Release */ = {
			isa = XCBuildConfiguration;
			buildSettings = {
				ALWAYS_SEARCH_USER_PATHS = NO;
				CLANG_ANALYZER_NONNULL = YES;
				CLANG_ANALYZER_NUMBER_OBJECT_CONVERSION = YES_AGGRESSIVE;
				CLANG_CXX_LANGUAGE_STANDARD = "gnu++14";
				CLANG_CXX_LIBRARY = "libc++";
				CLANG_ENABLE_MODULES = YES;
				CLANG_ENABLE_OBJC_ARC = YES;
				CLANG_ENABLE_OBJC_WEAK = YES;
				CLANG_WARN_BLOCK_CAPTURE_AUTORELEASING = YES;
				CLANG_WARN_BOOL_CONVERSION = YES;
				CLANG_WARN_COMMA = YES;
				CLANG_WARN_CONSTANT_CONVERSION = YES;
				CLANG_WARN_DEPRECATED_OBJC_IMPLEMENTATIONS = YES;
				CLANG_WARN_DIRECT_OBJC_ISA_USAGE = YES_ERROR;
				CLANG_WARN_DOCUMENTATION_COMMENTS = YES;
				CLANG_WARN_EMPTY_BODY = YES;
				CLANG_WARN_ENUM_CONVERSION = YES;
				CLANG_WARN_INFINITE_RECURSION = YES;
				CLANG_WARN_INT_CONVERSION = YES;
				CLANG_WARN_NON_LITERAL_NULL_CONVERSION = YES;
				CLANG_WARN_OBJC_IMPLICIT_RETAIN_SELF = YES;
				CLANG_WARN_OBJC_LITERAL_CONVERSION = YES;
				CLANG_WARN_OBJC_ROOT_CLASS = YES_ERROR;
				CLANG_WARN_QUOTED_INCLUDE_IN_FRAMEWORK_HEADER = YES;
				CLANG_WARN_RANGE_LOOP_ANALYSIS = YES;
				CLANG_WARN_STRICT_PROTOTYPES = YES;
				CLANG_WARN_SUSPICIOUS_MOVE = YES;
				CLANG_WARN_UNGUARDED_AVAILABILITY = YES_AGGRESSIVE;
				CLANG_WARN_UNREACHABLE_CODE = YES;
				CLANG_WARN__DUPLICATE_METHOD_MATCH = YES;
				COPY_PHASE_STRIP = NO;
				DEBUG_INFORMATION_FORMAT = "dwarf-with-dsym";
				ENABLE_BITCODE = NO;
				ENABLE_NS_ASSERTIONS = NO;
				ENABLE_STRICT_OBJC_MSGSEND = YES;
				GCC_C_LANGUAGE_STANDARD = gnu11;
				GCC_NO_COMMON_BLOCKS = YES;
				GCC_WARN_64_TO_32_BIT_CONVERSION = YES;
				GCC_WARN_ABOUT_RETURN_TYPE = YES_ERROR;
				GCC_WARN_UNDECLARED_SELECTOR = YES;
				GCC_WARN_UNINITIALIZED_AUTOS = YES_AGGRESSIVE;
				GCC_WARN_UNUSED_FUNCTION = YES;
				GCC_WARN_UNUSED_VARIABLE = YES;
				IPHONEOS_DEPLOYMENT_TARGET = 13.4;
				MTL_ENABLE_DEBUG_INFO = NO;
				MTL_FAST_MATH = YES;
				SDKROOT = iphoneos;
				SWIFT_COMPILATION_MODE = wholemodule;
				SWIFT_OPTIMIZATION_LEVEL = "-O";
				VALIDATE_PRODUCT = YES;
			};
			name = Release;
		};
		44A36EE725BBC04B0005968B /* Debug */ = {
			isa = XCBuildConfiguration;
			baseConfigurationReference = CE05BCB4F413B4A2D4055DAE /* Pods-kitchenaire.debug.xcconfig */;
			buildSettings = {
				ASSETCATALOG_COMPILER_APPICON_NAME = AppIcon;
				ASSETCATALOG_COMPILER_GLOBAL_ACCENT_COLOR_NAME = AccentColor;
				CODE_SIGN_STYLE = Automatic;
				DEVELOPMENT_ASSET_PATHS = "\"kitchenaire/Preview Content\"";
				DEVELOPMENT_TEAM = KX5MJRC3CG;
				ENABLE_BITCODE = NO;
				ENABLE_PREVIEWS = YES;
				INFOPLIST_FILE = kitchenaire/Info.plist;
				LD_RUNPATH_SEARCH_PATHS = (
					"$(inherited)",
					"@executable_path/Frameworks",
				);
				PRODUCT_BUNDLE_IDENTIFIER = com.etchbhatia.k;
				PRODUCT_NAME = "$(TARGET_NAME)";
				SWIFT_VERSION = 5.0;
				TARGETED_DEVICE_FAMILY = "1,2";
			};
			name = Debug;
		};
		44A36EE825BBC04B0005968B /* Release */ = {
			isa = XCBuildConfiguration;
			baseConfigurationReference = B9285D2BEF6F82C92B45C722 /* Pods-kitchenaire.release.xcconfig */;
			buildSettings = {
				ASSETCATALOG_COMPILER_APPICON_NAME = AppIcon;
				ASSETCATALOG_COMPILER_GLOBAL_ACCENT_COLOR_NAME = AccentColor;
				CODE_SIGN_STYLE = Automatic;
				DEVELOPMENT_ASSET_PATHS = "\"kitchenaire/Preview Content\"";
				DEVELOPMENT_TEAM = KX5MJRC3CG;
				ENABLE_BITCODE = NO;
				ENABLE_PREVIEWS = YES;
				INFOPLIST_FILE = kitchenaire/Info.plist;
				LD_RUNPATH_SEARCH_PATHS = (
					"$(inherited)",
					"@executable_path/Frameworks",
				);
				PRODUCT_BUNDLE_IDENTIFIER = com.etchbhatia.k;
				PRODUCT_NAME = "$(TARGET_NAME)";
				SWIFT_VERSION = 5.0;
				TARGETED_DEVICE_FAMILY = "1,2";
			};
			name = Release;
		};
/* End XCBuildConfiguration section */

/* Begin XCConfigurationList section */
		44A36ECD25BBC0470005968B /* Build configuration list for PBXProject "kitchenaire" */ = {
			isa = XCConfigurationList;
			buildConfigurations = (
				44A36EE425BBC04B0005968B /* Debug */,
				44A36EE525BBC04B0005968B /* Release */,
			);
			defaultConfigurationIsVisible = 0;
			defaultConfigurationName = Release;
		};
		44A36EE625BBC04B0005968B /* Build configuration list for PBXNativeTarget "kitchenaire" */ = {
			isa = XCConfigurationList;
			buildConfigurations = (
				44A36EE725BBC04B0005968B /* Debug */,
				44A36EE825BBC04B0005968B /* Release */,
			);
			defaultConfigurationIsVisible = 0;
			defaultConfigurationName = Release;
		};
/* End XCConfigurationList section */
	};
	rootObject = 44A36ECA25BBC0470005968B /* Project object */;
}
